
Microsoft Visual Studio Solution File, Format Version 12.00
# Visual Studio Version 16
VisualStudioVersion = 16.0.29326.143
MinimumVisualStudioVersion = 10.0.40219.1
Project("{9A19103F-16F7-4668-BE54-9A1E7A4F7556}") = "DockerSamples.Docker01", "DockerSamples.Docker01\DockerSamples.Docker01.csproj", "{304619DB-A28F-448E-A756-CD5E066AC107}"
EndProject
Project("{FAE04EC0-301F-11D3-BF4B-00C04F79EFBC}") = "DockerSamples.Docker02Web", "DockerSamples.Docker02Web\DockerSamples.Docker02Web.csproj", "{9EC94A4E-3900-4CC7-9940-141E1F010ECF}"
EndProject
Global
	GlobalSection(SolutionConfigurationPlatforms) = preSolution
		Debug|Any CPU = Debug|Any CPU
		Release|Any CPU = Release|Any CPU
	EndGlobalSection
	GlobalSection(ProjectConfigurationPlatforms) = postSolution
		{304619DB-A28F-448E-A756-CD5E066AC107}.Debug|Any CPU.ActiveCfg = Debug|Any CPU
		{304619DB-A28F-448E-A756-CD5E066AC107}.Debug|Any CPU.Build.0 = Debug|Any CPU
		{304619DB-A28F-448E-A756-CD5E066AC107}.Release|Any CPU.ActiveCfg = Release|Any CPU
		{304619DB-A28F-448E-A756-CD5E066AC107}.Release|Any CPU.Build.0 = Release|Any CPU
		{9EC94A4E-3900-4CC7-9940-141E1F010ECF}.Debug|Any CPU.ActiveCfg = Debug|Any CPU
		{9EC94A4E-3900-4CC7-9940-141E1F010ECF}.Debug|Any CPU.Build.0 = Debug|Any CPU
		{9EC94A4E-3900-4CC7-9940-141E1F010ECF}.Release|Any CPU.ActiveCfg = Release|Any CPU
		{9EC94A4E-3900-4CC7-9940-141E1F010ECF}.Release|Any CPU.Build.0 = Release|Any CPU
	EndGlobalSection
	GlobalSection(SolutionProperties) = preSolution
		HideSolutionNode = FALSE
	EndGlobalSection
	GlobalSection(ExtensibilityGlobals) = postSolution
		SolutionGuid = {CE2B41E1-3158-40A4-9E8C-E6F405CDDC88}
	EndGlobalSection
EndGlobal
